
Microsoft Visual Studio Solution File, Format Version 12.00
# Visual Studio Version 16
VisualStudioVersion = 16.0.810.19
MinimumVisualStudioVersion = 10.0.40219.1
Project("{FAE04EC0-301F-11D3-BF4B-00C04F79EFBC}") = "DMedics.API", "DMedics.API.csproj", "{B3132553-5B65-46A4-AD14-C598E9AF7292}"
EndProject
Global
	GlobalSection(SolutionConfigurationPlatforms) = preSolution
		Debug|Any CPU = Debug|Any CPU
		Release|Any CPU = Release|Any CPU
	EndGlobalSection
	GlobalSection(ProjectConfigurationPlatforms) = postSolution
		{B3132553-5B65-46A4-AD14-C598E9AF7292}.Debug|Any CPU.ActiveCfg = Debug|Any CPU
		{B3132553-5B65-46A4-AD14-C598E9AF7292}.Debug|Any CPU.Build.0 = Debug|Any CPU
		{B3132553-5B65-46A4-AD14-C598E9AF7292}.Release|Any CPU.ActiveCfg = Release|Any CPU
		{B3132553-5B65-46A4-AD14-C598E9AF7292}.Release|Any CPU.Build.0 = Release|Any CPU
	EndGlobalSection
	GlobalSection(SolutionProperties) = preSolution
		HideSolutionNode = FALSE
	EndGlobalSection
	GlobalSection(ExtensibilityGlobals) = postSolution
		SolutionGuid = {50052F55-1078-499A-968C-CE6C53404DFA}
	EndGlobalSection
EndGlobal
